[[package]]
name = "2to3"
version = "1.0"
description = "Adds the 2to3 command directly to entry_points."
category = "main"
optional = false
python-versions = "*"

[metadata]
lock-version = "1.1"
python-versions = "^3.6"
content-hash = "23143694d4ef8103bfe978b1acfcd3513825881fd10aed3ecd71472a19ae4468"

[metadata.files]
2to3 = [
    {file = "2to3-1.0-py3-none-any.whl", hash = "sha256:a39fb204829c6ed90be1507f3aff1c2b4fa6734585d57a50286f039546b5fb7f"},
    {file = "2to3-1.0.tar.gz", hash = "sha256:958bc212c928bbdcbc778b72528e0a39ae4ee8040eda6af6c3b5dd640c98ce6d"},
]
